dependencies:
- name: common
  repository: https://charts.bitnami.com/bitnami
  version: 2.6.0
- name: someblackmagic-common
  repository: https://someblackmagic.github.io/helm-charts
  version: 0.2.1
digest: sha256:5b883e451d95ddbc16164f5bbc25580a115c1cb062e208302ab87ece9350f8e0
generated: "2023-07-21T11:45:31.211391415+03:00"
