dependencies:
- name: redis
  repository: https://charts.bitnami.com/bitnami
  version: 17.4.3
- name: haproxy
  repository: https://haproxytech.github.io/helm-charts
  version: 1.21.0
digest: sha256:b922cdccfc333f51b0e38dbdde89b9c906165911a06fab121d1fc4cb49529a9d
generated: "2024-03-07T11:18:41.8054172+02:00"
